// !$*UTF8*$!
{
	archiveVersion = 1;
	classes = {
	};
	objectVersion = 50;
	objects = {

/* Begin PBXBuildFile section */
		2F0B3B702277EDAB00AF5096 /* OnPoint.html in Resources */ = {isa = PBXBuildFile; fileRef = 2F0B3B6F2277EDAB00AF5096 /* OnPoint.html */; };
		2F0B3B732277F4DF00AF5096 /* WebKit.framework in Frameworks */ = {isa = PBXBuildFile; fileRef = 2F0B3B722277F4DF00AF5096 /* WebKit.framework */; settings = {ATTRIBUTES = (Required, ); }; };
		2FFFFFC722741B71005465E3 /* AppDelegate.swift in Sources */ = {isa = PBXBuildFile; fileRef = 2FFFFFC622741B71005465E3 /* AppDelegate.swift */; };
		2FFFFFC922741B71005465E3 /* ViewController.swift in Sources */ = {isa = PBXBuildFile; fileRef = 2FFFFFC822741B71005465E3 /* ViewController.swift */; };
		2FFFFFCC22741B71005465E3 /* Main.storyboard in Resources */ = {isa = PBXBuildFile; fileRef = 2FFFFFCA22741B71005465E3 /* Main.storyboard */; };
		2FFFFFCE22741B71005465E3 /* Assets.xcassets in Resources */ = {isa = PBXBuildFile; fileRef = 2FFFFFCD22741B71005465E3 /* Assets.xcassets */; };
		2FFFFFD122741B71005465E3 /* LaunchScreen.storyboard in Resources */ = {isa = PBXBuildFile; fileRef = 2FFFFFCF22741B71005465E3 /* LaunchScreen.storyboard */; };
		2FFFFFD92276504F005465E3 /* AboutViewController.swift in Sources */ = {isa = PBXBuildFile; fileRef = 2FFFFFD82276504F005465E3 /* AboutViewController.swift */; };
/* End PBXBuildFile section */

/* Begin PBXFileReference section */
		2F0B3B6F2277EDAB00AF5096 /* OnPoint.html */ = {isa = PBXFileReference; fileEncoding = 4; lastKnownFileType = text.html; path = OnPoint.html; sourceTree = "<group>"; };
		2F0B3B722277F4DF00AF5096 /* WebKit.framework */ = {isa = PBXFileReference; lastKnownFileType = wrapper.framework; name = WebKit.framework; path = System/Library/Frameworks/WebKit.framework; sourceTree = SDKROOT; };
		2FFFFFC322741B70005465E3 /* On-Point.app */ = {isa = PBXFileReference; explicitFileType = wrapper.application; includeInIndex = 0; path = "On-Point.app"; sourceTree = BUILT_PRODUCTS_DIR; };
		2FFFFFC622741B71005465E3 /* AppDelegate.swift */ = {isa = PBXFileReference; lastKnownFileType = sourcecode.swift; path = AppDelegate.swift; sourceTree = "<group>"; };
		2FFFFFC822741B71005465E3 /* ViewController.swift */ = {isa = PBXFileReference; lastKnownFileType = sourcecode.swift; path = ViewController.swift; sourceTree = "<group>"; };
		2FFFFFCB22741B71005465E3 /* Base */ = {isa = PBXFileReference; lastKnownFileType = file.storyboard; name = Base; path = Base.lproj/Main.storyboard; sourceTree = "<group>"; };
		2FFFFFCD22741B71005465E3 /* Assets.xcassets */ = {isa = PBXFileReference; lastKnownFileType = folder.assetcatalog; path = Assets.xcassets; sourceTree = "<group>"; };
		2FFFFFD022741B71005465E3 /* Base */ = {isa = PBXFileReference; lastKnownFileType = file.storyboard; name = Base; path = Base.lproj/LaunchScreen.storyboard; sourceTree = "<group>"; };
		2FFFFFD222741B71005465E3 /* Info.plist */ = {isa = PBXFileReference; lastKnownFileType = text.plist.xml; path = Info.plist; sourceTree = "<group>"; };
		2FFFFFD82276504F005465E3 /* AboutViewController.swift */ = {isa = PBXFileReference; lastKnownFileType = sourcecode.swift; path = AboutViewController.swift; sourceTree = "<group>"; };
/* End PBXFileReference section */

/* Begin PBXFrameworksBuildPhase section */
		2FFFFFC022741B70005465E3 /* Frameworks */ = {
			isa = PBXFrameworksBuildPhase;
			buildActionMask = 2147483647;
			files = (
				2F0B3B732277F4DF00AF5096 /* WebKit.framework in Frameworks */,
			);
			runOnlyForDeploymentPostprocessing = 0;
		};
/* End PBXFrameworksBuildPhase section */

/* Begin PBXGroup section */
		2F0B3B712277F4DF00AF5096 /* Frameworks */ = {
			isa = PBXGroup;
			children = (
				2F0B3B722277F4DF00AF5096 /* WebKit.framework */,
			);
			name = Frameworks;
			sourceTree = "<group>";
		};
		2FFFFFBA22741B70005465E3 = {
			isa = PBXGroup;
			children = (
				2FFFFFC522741B70005465E3 /* On-Point */,
				2FFFFFC422741B70005465E3 /* Products */,
				2F0B3B712277F4DF00AF5096 /* Frameworks */,
			);
			sourceTree = "<group>";
		};
		2FFFFFC422741B70005465E3 /* Products */ = {
			isa = PBXGroup;
			children = (
				2FFFFFC322741B70005465E3 /* On-Point.app */,
			);
			name = Products;
			sourceTree = "<group>";
		};
		2FFFFFC522741B70005465E3 /* On-Point */ = {
			isa = PBXGroup;
			children = (
				2FFFFFC622741B71005465E3 /* AppDelegate.swift */,
				2FFFFFC822741B71005465E3 /* ViewController.swift */,
				2FFFFFCA22741B71005465E3 /* Main.storyboard */,
				2FFFFFCD22741B71005465E3 /* Assets.xcassets */,
				2FFFFFCF22741B71005465E3 /* LaunchScreen.storyboard */,
				2FFFFFD222741B71005465E3 /* Info.plist */,
				2FFFFFD82276504F005465E3 /* AboutViewController.swift */,
				2F0B3B6F2277EDAB00AF5096 /* OnPoint.html */,
			);
			path = "On-Point";
			sourceTree = "<group>";
		};
/* End PBXGroup section */

/* Begin PBXNativeTarget section */
		2FFFFFC222741B70005465E3 /* On-Point */ = {
			isa = PBXNativeTarget;
			buildConfigurationList = 2FFFFFD522741B71005465E3 /* Build configuration list for PBXNativeTarget "On-Point" */;
			buildPhases = (
				2FFFFFBF22741B70005465E3 /* Sources */,
				2FFFFFC022741B70005465E3 /* Frameworks */,
				2FFFFFC122741B70005465E3 /* Resources */,
			);
			buildRules = (
			);
			dependencies = (
			);
			name = "On-Point";
			productName = "On-Point";
			productReference = 2FFFFFC322741B70005465E3 /* On-Point.app */;
			productType = "com.apple.product-type.application";
		};
/* End PBXNativeTarget section */

/* Begin PBXProject section */
		2FFFFFBB22741B70005465E3 /* Project object */ = {
			isa = PBXProject;
			attributes = {
				LastSwiftUpdateCheck = 1020;
				LastUpgradeCheck = 1020;
				ORGANIZATIONNAME = "Mirchi Co.";
				TargetAttributes = {
					2FFFFFC222741B70005465E3 = {
						CreatedOnToolsVersion = 10.2;
					};
				};
			};
			buildConfigurationList = 2FFFFFBE22741B70005465E3 /* Build configuration list for PBXProject "On-Point" */;
			compatibilityVersion = "Xcode 9.3";
			developmentRegion = en;
			hasScannedForEncodings = 0;
			knownRegions = (
				en,
				Base,
			);
			mainGroup = 2FFFFFBA22741B70005465E3;
			productRefGroup = 2FFFFFC422741B70005465E3 /* Products */;
			projectDirPath = "";
			projectRoot = "";
			targets = (
				2FFFFFC222741B70005465E3 /* On-Point */,
			);
		};
/* End PBXProject section */

/* Begin PBXResourcesBuildPhase section */
		2FFFFFC122741B70005465E3 /* Resources */ = {
			isa = PBXResourcesBuildPhase;
			buildActionMask = 2147483647;
			files = (
				2FFFFFD122741B71005465E3 /* LaunchScreen.storyboard in Resources */,
				2FFFFFCE22741B71005465E3 /* Assets.xcassets in Resources */,
				2F0B3B702277EDAB00AF5096 /* OnPoint.html in Resources */,
				2FFFFFCC22741B71005465E3 /* Main.storyboard in Resources */,
			);
			runOnlyForDeploymentPostprocessing = 0;
		};
/* End PBXResourcesBuildPhase section */

/* Begin PBXSourcesBuildPhase section */
		2FFFFFBF22741B70005465E3 /* Sources */ = {
			isa = PBXSourcesBuildPhase;
			buildActionMask = 2147483647;
			files = (
				2FFFFFD92276504F005465E3 /* AboutViewController.swift in Sources */,
				2FFFFFC922741B71005465E3 /* ViewController.swift in Sources */,
				2FFFFFC722741B71005465E3 /* AppDelegate.swift in Sources */,
			);
			runOnlyForDeploymentPostprocessing = 0;
		};
/* End PBXSourcesBuildPhase section */

/* Begin PBXVariantGroup section */
		2FFFFFCA22741B71005465E3 /* Main.storyboard */ = {
			isa = PBXVariantGroup;
			children = (
				2FFFFFCB22741B71005465E3 /* Base */,
			);
			name = Main.storyboard;
			sourceTree = "<group>";
		};
		2FFFFFCF22741B71005465E3 /* LaunchScreen.storyboard */ = {
			isa = PBXVariantGroup;
			children = (
				2FFFFFD022741B71005465E3 /* Base */,
			);
			name = LaunchScreen.storyboard;
			sourceTree = "<group>";
		};
/* End PBXVariantGroup section */

/* Begin XCBuildConfiguration section */
		2FFFFFD322741B71005465E3 /* Debug */ = {
			isa = XCBuildConfiguration;
			buildSettings = {
				ALWAYS_SEARCH_USER_PATHS = NO;
				CLANG_ANALYZER_NONNULL = YES;
				CLANG_ANALYZER_NUMBER_OBJECT_CONVERSION = YES_AGGRESSIVE;
				CLANG_CXX_LANGUAGE_STANDARD = "gnu++14";
				CLANG_CXX_LIBRARY = "libc++";
				CLANG_ENABLE_MODULES = YES;
				CLANG_ENABLE_OBJC_ARC = YES;
				CLANG_ENABLE_OBJC_WEAK = YES;
				CLANG_WARN_BLOCK_CAPTURE_AUTORELEASING = YES;
				CLANG_WARN_BOOL_CONVERSION = YES;
				CLANG_WARN_COMMA = YES;
				CLANG_WARN_CONSTANT_CONVERSION = YES;
				CLANG_WARN_DEPRECATED_OBJC_IMPLEMENTATIONS = YES;
				CLANG_WARN_DIRECT_OBJC_ISA_USAGE = YES_ERROR;
				CLANG_WARN_DOCUMENTATION_COMMENTS = YES;
				CLANG_WARN_EMPTY_BODY = YES;
				CLANG_WARN_ENUM_CONVERSION = YES;
				CLANG_WARN_INFINITE_RECURSION = YES;
				CLANG_WARN_INT_CONVERSION = YES;
				CLANG_WARN_NON_LITERAL_NULL_CONVERSION = YES;
				CLANG_WARN_OBJC_IMPLICIT_RETAIN_SELF = YES;
				CLANG_WARN_OBJC_LITERAL_CONVERSION = YES;
				CLANG_WARN_OBJC_ROOT_CLASS = YES_ERROR;
				CLANG_WARN_RANGE_LOOP_ANALYSIS = YES;
				CLANG_WARN_STRICT_PROTOTYPES = YES;
				CLANG_WARN_SUSPICIOUS_MOVE = YES;
				CLANG_WARN_UNGUARDED_AVAILABILITY = YES_AGGRESSIVE;
				CLANG_WARN_UNREACHABLE_CODE = YES;
				CLANG_WARN__DUPLICATE_METHOD_MATCH = YES;
				CODE_SIGN_IDENTITY = "iPhone Developer";
				COPY_PHASE_STRIP = NO;
				DEBUG_INFORMATION_FORMAT = dwarf;
				ENABLE_STRICT_OBJC_MSGSEND = YES;
				ENABLE_TESTABILITY = YES;
				GCC_C_LANGUAGE_STANDARD = gnu11;
				GCC_DYNAMIC_NO_PIC = NO;
				GCC_NO_COMMON_BLOCKS = YES;
				GCC_OPTIMIZATION_LEVEL = 0;
				GCC_PREPROCESSOR_DEFINITIONS = (
					"DEBUG=1",
					"$(inherited)",
				);
				GCC_WARN_64_TO_32_BIT_CONVERSION = YES;
				GCC_WARN_ABOUT_RETURN_TYPE = YES_ERROR;
				GCC_WARN_UNDECLARED_SELECTOR = YES;
				GCC_WARN_UNINITIALIZED_AUTOS = YES_AGGRESSIVE;
				GCC_WARN_UNUSED_FUNCTION = YES;
				GCC_WARN_UNUSED_VARIABLE = YES;
				IPHONEOS_DEPLOYMENT_TARGET = 12.2;
				MTL_ENABLE_DEBUG_INFO = INCLUDE_SOURCE;
				MTL_FAST_MATH = YES;
				ONLY_ACTIVE_ARCH = YES;
				SDKROOT = iphoneos;
				SWIFT_ACTIVE_COMPILATION_CONDITIONS = DEBUG;
				SWIFT_OPTIMIZATION_LEVEL = "-Onone";
			};
			name = Debug;
		};
		2FFFFFD422741B71005465E3 /* Release */ = {
			isa = XCBuildConfiguration;
			buildSettings = {
				ALWAYS_SEARCH_USER_PATHS = NO;
				CLANG_ANALYZER_NONNULL = YES;
				CLANG_ANALYZER_NUMBER_OBJECT_CONVERSION = YES_AGGRESSIVE;
				CLANG_CXX_LANGUAGE_STANDARD = "gnu++14";
				CLANG_CXX_LIBRARY = "libc++";
				CLANG_ENABLE_MODULES = YES;
				CLANG_ENABLE_OBJC_ARC = YES;
				CLANG_ENABLE_OBJC_WEAK = YES;
				CLANG_WARN_BLOCK_CAPTURE_AUTORELEASING = YES;
				CLANG_WARN_BOOL_CONVERSION = YES;
				CLANG_WARN_COMMA = YES;
				CLANG_WARN_CONSTANT_CONVERSION = YES;
				CLANG_WARN_DEPRECATED_OBJC_IMPLEMENTATIONS = YES;
				CLANG_WARN_DIRECT_OBJC_ISA_USAGE = YES_ERROR;
				CLANG_WARN_DOCUMENTATION_COMMENTS = YES;
				CLANG_WARN_EMPTY_BODY = YES;
				CLANG_WARN_ENUM_CONVERSION = YES;
				CLANG_WARN_INFINITE_RECURSION = YES;
				CLANG_WARN_INT_CONVERSION = YES;
				CLANG_WARN_NON_LITERAL_NULL_CONVERSION = YES;
				CLANG_WARN_OBJC_IMPLICIT_RETAIN_SELF = YES;
				CLANG_WARN_OBJC_LITERAL_CONVERSION = YES;
				CLANG_WARN_OBJC_ROOT_CLASS = YES_ERROR;
				CLANG_WARN_RANGE_LOOP_ANALYSIS = YES;
				CLANG_WARN_STRICT_PROTOTYPES = YES;
				CLANG_WARN_SUSPICIOUS_MOVE = YES;
				CLANG_WARN_UNGUARDED_AVAILABILITY = YES_AGGRESSIVE;
				CLANG_WARN_UNREACHABLE_CODE = YES;
				CLANG_WARN__DUPLICATE_METHOD_MATCH = YES;
				CODE_SIGN_IDENTITY = "iPhone Developer";
				COPY_PHASE_STRIP = NO;
				DEBUG_INFORMATION_FORMAT = "dwarf-with-dsym";
				ENABLE_NS_ASSERTIONS = NO;
				ENABLE_STRICT_OBJC_MSGSEND = YES;
				GCC_C_LANGUAGE_STANDARD = gnu11;
				GCC_NO_COMMON_BLOCKS = YES;
				GCC_WARN_64_TO_32_BIT_CONVERSION = YES;
				GCC_WARN_ABOUT_RETURN_TYPE = YES_ERROR;
				GCC_WARN_UNDECLARED_SELECTOR = YES;
				GCC_WARN_UNINITIALIZED_AUTOS = YES_AGGRESSIVE;
				GCC_WARN_UNUSED_FUNCTION = YES;
				GCC_WARN_UNUSED_VARIABLE = YES;
				IPHONEOS_DEPLOYMENT_TARGET = 12.2;
				MTL_ENABLE_DEBUG_INFO = NO;
				MTL_FAST_MATH = YES;
				SDKROOT = iphoneos;
				SWIFT_COMPILATION_MODE = wholemodule;
				SWIFT_OPTIMIZATION_LEVEL = "-O";
				VALIDATE_PRODUCT = YES;
			};
			name = Release;
		};
		2FFFFFD622741B71005465E3 /* Debug */ = {
			isa = XCBuildConfiguration;
			buildSettings = {
				ASSETCATALOG_COMPILER_APPICON_NAME = AppIcon;
				CODE_SIGN_STYLE = Automatic;
				DEVELOPMENT_TEAM = 8FMWQZM38L;
				INFOPLIST_FILE = "On-Point/Info.plist";
				LD_RUNPATH_SEARCH_PATHS = (
					"$(inherited)",
					"@executable_path/Frameworks",
				);
				PRODUCT_BUNDLE_IDENTIFIER = "com.Mirchi-Co.On-Point";
				PRODUCT_NAME = "$(TARGET_NAME)";
				SWIFT_VERSION = 5.0;
				TARGETED_DEVICE_FAMILY = "1,2";
			};
			name = Debug;
		};
		2FFFFFD722741B71005465E3 /* Release */ = {
			isa = XCBuildConfiguration;
			buildSettings = {
				ASSETCATALOG_COMPILER_APPICON_NAME = AppIcon;
				CODE_SIGN_STYLE = Automatic;
				DEVELOPMENT_TEAM = 8FMWQZM38L;
				INFOPLIST_FILE = "On-Point/Info.plist";
				LD_RUNPATH_SEARCH_PATHS = (
					"$(inherited)",
					"@executable_path/Frameworks",
				);
				PRODUCT_BUNDLE_IDENTIFIER = "com.Mirchi-Co.On-Point";
				PRODUCT_NAME = "$(TARGET_NAME)";
				SWIFT_VERSION = 5.0;
				TARGETED_DEVICE_FAMILY = "1,2";
			};
			name = Release;
		};
/* End XCBuildConfiguration section */

/* Begin XCConfigurationList section */
		2FFFFFBE22741B70005465E3 /* Build configuration list for PBXProject "On-Point" */ = {
			isa = XCConfigurationList;
			buildConfigurations = (
				2FFFFFD322741B71005465E3 /* Debug */,
				2FFFFFD422741B71005465E3 /* Release */,
			);
			defaultConfigurationIsVisible = 0;
			defaultConfigurationName = Release;
		};
		2FFFFFD522741B71005465E3 /* Build configuration list for PBXNativeTarget "On-Point" */ = {
			isa = XCConfigurationList;
			buildConfigurations = (
				2FFFFFD622741B71005465E3 /* Debug */,
				2FFFFFD722741B71005465E3 /* Release */,
			);
			defaultConfigurationIsVisible = 0;
			defaultConfigurationName = Release;
		};
/* End XCConfigurationList section */
	};
	rootObject = 2FFFFFBB22741B70005465E3 /* Project object */;
}
